
Microsoft Visual Studio Solution File, Format Version 12.00
# Visual Studio Version 16
VisualStudioVersion = 16.0.31624.102
MinimumVisualStudioVersion = 10.0.40219.1
Project("{9A19103F-16F7-4668-BE54-9A1E7A4F7556}") = "AuthProjectJWT.Business", "AuthProjectJWT.Business\AuthProjectJWT.Business.csproj", "{1777E372-34B0-4201-BDFA-C15949323692}"
EndProject
Project("{9A19103F-16F7-4668-BE54-9A1E7A4F7556}") = "AuthProjectJWT.Core", "AuthProjectJWT.Core\AuthProjectJWT.Core.csproj", "{B74166ED-BCFA-4C9D-969C-25323374E001}"
EndProject
Project("{9A19103F-16F7-4668-BE54-9A1E7A4F7556}") = "AuthProjectJWT.DataAccess", "AuthProjectJWT.DataAccess\AuthProjectJWT.DataAccess.csproj", "{408B7225-DC1E-4C63-A396-6BC64FB8B4F8}"
EndProject
Project("{9A19103F-16F7-4668-BE54-9A1E7A4F7556}") = "AuthProjectJWT.Api", "AuthProjectJWT.Api\AuthProjectJWT.Api.csproj", "{B8C3CFCF-4A47-4150-9D05-465A2E27618B}"
EndProject
Project("{9A19103F-16F7-4668-BE54-9A1E7A4F7556}") = "AuthProjectJWT.Entities", "AuthProjectJWT.Entities\AuthProjectJWT.Entities.csproj", "{39BBD6A7-EF79-4AC3-9F93-E274E74D1F7E}"
EndProject
Global
	GlobalSection(SolutionConfigurationPlatforms) = preSolution
		Debug|Any CPU = Debug|Any CPU
		Release|Any CPU = Release|Any CPU
	EndGlobalSection
	GlobalSection(ProjectConfigurationPlatforms) = postSolution
		{1777E372-34B0-4201-BDFA-C15949323692}.Debug|Any CPU.ActiveCfg = Debug|Any CPU
		{1777E372-34B0-4201-BDFA-C15949323692}.Debug|Any CPU.Build.0 = Debug|Any CPU
		{1777E372-34B0-4201-BDFA-C15949323692}.Release|Any CPU.ActiveCfg = Release|Any CPU
		{1777E372-34B0-4201-BDFA-C15949323692}.Release|Any CPU.Build.0 = Release|Any CPU
		{B74166ED-BCFA-4C9D-969C-25323374E001}.Debug|Any CPU.ActiveCfg = Debug|Any CPU
		{B74166ED-BCFA-4C9D-969C-25323374E001}.Debug|Any CPU.Build.0 = Debug|Any CPU
		{B74166ED-BCFA-4C9D-969C-25323374E001}.Release|Any CPU.ActiveCfg = Release|Any CPU
		{B74166ED-BCFA-4C9D-969C-25323374E001}.Release|Any CPU.Build.0 = Release|Any CPU
		{408B7225-DC1E-4C63-A396-6BC64FB8B4F8}.Debug|Any CPU.ActiveCfg = Debug|Any CPU
		{408B7225-DC1E-4C63-A396-6BC64FB8B4F8}.Debug|Any CPU.Build.0 = Debug|Any CPU
		{408B7225-DC1E-4C63-A396-6BC64FB8B4F8}.Release|Any CPU.ActiveCfg = Release|Any CPU
		{408B7225-DC1E-4C63-A396-6BC64FB8B4F8}.Release|Any CPU.Build.0 = Release|Any CPU
		{B8C3CFCF-4A47-4150-9D05-465A2E27618B}.Debug|Any CPU.ActiveCfg = Debug|Any CPU
		{B8C3CFCF-4A47-4150-9D05-465A2E27618B}.Debug|Any CPU.Build.0 = Debug|Any CPU
		{B8C3CFCF-4A47-4150-9D05-465A2E27618B}.Release|Any CPU.ActiveCfg = Release|Any CPU
		{B8C3CFCF-4A47-4150-9D05-465A2E27618B}.Release|Any CPU.Build.0 = Release|Any CPU
		{39BBD6A7-EF79-4AC3-9F93-E274E74D1F7E}.Debug|Any CPU.ActiveCfg = Debug|Any CPU
		{39BBD6A7-EF79-4AC3-9F93-E274E74D1F7E}.Debug|Any CPU.Build.0 = Debug|Any CPU
		{39BBD6A7-EF79-4AC3-9F93-E274E74D1F7E}.Release|Any CPU.ActiveCfg = Release|Any CPU
		{39BBD6A7-EF79-4AC3-9F93-E274E74D1F7E}.Release|Any CPU.Build.0 = Release|Any CPU
	EndGlobalSection
	GlobalSection(SolutionProperties) = preSolution
		HideSolutionNode = FALSE
	EndGlobalSection
	GlobalSection(ExtensibilityGlobals) = postSolution
		SolutionGuid = {70628891-4782-4768-8F00-79E8EDBEB37A}
	EndGlobalSection
EndGlobal
